{
  "name": "devflow-framework",
  "version": "2.6.2",
  "lockfileVersion": 2,
  "requires": true,
  "packages": {
    "": {
      "name": "devflow-framework",
      "version": "2.6.2",
      "hasInstallScript": true,
      "license": "MIT",
      "engines": {
        "vscode": "^1.85.0"
      }
    }
  }
}
